
Microsoft Visual Studio Solution File, Format Version 12.00
# Visual Studio Version 17
VisualStudioVersion = 17.2.32630.192
MinimumVisualStudioVersion = 10.0.40219.1
Project("{2150E333-8FDC-42A3-9474-1A3956D46DE8}") = "FrontEnd", "FrontEnd", "{EEA27D51-A7E6-48DF-B074-B01FFBA5D851}"
EndProject
Project("{9A19103F-16F7-4668-BE54-9A1E7A4F7556}") = "Mango.web", "Mango.web\Mango.web.csproj", "{896DD55A-36D5-43A6-A56A-3A872C59DB46}"
EndProject
Project("{2150E333-8FDC-42A3-9474-1A3956D46DE8}") = "Services", "Services", "{647E9A03-E2E6-4D38-8AFC-39E4AF5B1E04}"
EndProject
Project("{9A19103F-16F7-4668-BE54-9A1E7A4F7556}") = "Mango.Services.ProductAPI", "Mango.Services.ProductAPI\Mango.Services.ProductAPI.csproj", "{3B3649B3-CC01-4B5F-8E37-B0F10F470C9D}"
EndProject
Project("{9A19103F-16F7-4668-BE54-9A1E7A4F7556}") = "Mango.Services.Identity", "Mango.Services.Identity\Mango.Services.Identity.csproj", "{6875981F-6853-4C8F-A2E4-BEF29663F275}"
EndProject
Project("{9A19103F-16F7-4668-BE54-9A1E7A4F7556}") = "Mango.Services.ShoppingCartAPI", "Mango.Services.ShoppingCartAPI\Mango.Services.ShoppingCartAPI.csproj", "{98056186-A317-4EFF-8A70-29F1FC5D1A1B}"
EndProject
Project("{9A19103F-16F7-4668-BE54-9A1E7A4F7556}") = "Mango.Services.CouponAPI", "Mango.Services.CouponAPI\Mango.Services.CouponAPI.csproj", "{645AF817-6F6E-497D-88CC-7E69753458BF}"
EndProject
Project("{9A19103F-16F7-4668-BE54-9A1E7A4F7556}") = "Mango.Services.OrderAPI", "Mango.Services.OrderAPI\Mango.Services.OrderAPI.csproj", "{3A8685DC-035A-4FD1-8DE6-344CF5CD3B62}"
EndProject
Project("{2150E333-8FDC-42A3-9474-1A3956D46DE8}") = "Payments", "Payments", "{3401DB54-C28B-440D-86C0-43D0F287A863}"
EndProject
Project("{9A19103F-16F7-4668-BE54-9A1E7A4F7556}") = "PaymentProcessor", "PaymentProcessor\PaymentProcessor.csproj", "{B1ED55E1-367C-4B56-836A-AB2D49380329}"
EndProject
Project("{2150E333-8FDC-42A3-9474-1A3956D46DE8}") = "Librarries", "Librarries", "{9DC3B8D0-263D-4110-B80C-94FEFF60ABBD}"
EndProject
Project("{9A19103F-16F7-4668-BE54-9A1E7A4F7556}") = "MangoLibrary", "MangoLibrary\MangoLibrary.csproj", "{463AA9F0-A082-490A-85C2-4F55501A8877}"
EndProject
Project("{9A19103F-16F7-4668-BE54-9A1E7A4F7556}") = "Mango.Services.paymentAPI", "Mango.Services.paymentAPI\Mango.Services.paymentAPI.csproj", "{992193C9-F6E3-4A57-91F7-CD330D3F525E}"
EndProject
Project("{FAE04EC0-301F-11D3-BF4B-00C04F79EFBC}") = "Mango.Services.Email", "Mango.Services.Email\Mango.Services.Email.csproj", "{26C24BD2-07B1-46D0-933C-3796A77F9C2D}"
EndProject
Project("{2150E333-8FDC-42A3-9474-1A3956D46DE8}") = "Gateway", "Gateway", "{34CE1592-33D0-423E-A6F4-E9A78FB4004A}"
EndProject
Project("{FAE04EC0-301F-11D3-BF4B-00C04F79EFBC}") = "Mango.GatewaySolution", "Mango.GatewaySolution\Mango.GatewaySolution.csproj", "{EF0F6472-157A-492F-9456-25B6DBCF420D}"
EndProject
Global
	GlobalSection(SolutionConfigurationPlatforms) = preSolution
		Debug|Any CPU = Debug|Any CPU
		Release|Any CPU = Release|Any CPU
	EndGlobalSection
	GlobalSection(ProjectConfigurationPlatforms) = postSolution
		{896DD55A-36D5-43A6-A56A-3A872C59DB46}.Debug|Any CPU.ActiveCfg = Debug|Any CPU
		{896DD55A-36D5-43A6-A56A-3A872C59DB46}.Debug|Any CPU.Build.0 = Debug|Any CPU
		{896DD55A-36D5-43A6-A56A-3A872C59DB46}.Release|Any CPU.ActiveCfg = Release|Any CPU
		{896DD55A-36D5-43A6-A56A-3A872C59DB46}.Release|Any CPU.Build.0 = Release|Any CPU
		{3B3649B3-CC01-4B5F-8E37-B0F10F470C9D}.Debug|Any CPU.ActiveCfg = Debug|Any CPU
		{3B3649B3-CC01-4B5F-8E37-B0F10F470C9D}.Debug|Any CPU.Build.0 = Debug|Any CPU
		{3B3649B3-CC01-4B5F-8E37-B0F10F470C9D}.Release|Any CPU.ActiveCfg = Release|Any CPU
		{3B3649B3-CC01-4B5F-8E37-B0F10F470C9D}.Release|Any CPU.Build.0 = Release|Any CPU
		{6875981F-6853-4C8F-A2E4-BEF29663F275}.Debug|Any CPU.ActiveCfg = Debug|Any CPU
		{6875981F-6853-4C8F-A2E4-BEF29663F275}.Debug|Any CPU.Build.0 = Debug|Any CPU
		{6875981F-6853-4C8F-A2E4-BEF29663F275}.Release|Any CPU.ActiveCfg = Release|Any CPU
		{6875981F-6853-4C8F-A2E4-BEF29663F275}.Release|Any CPU.Build.0 = Release|Any CPU
		{98056186-A317-4EFF-8A70-29F1FC5D1A1B}.Debug|Any CPU.ActiveCfg = Debug|Any CPU
		{98056186-A317-4EFF-8A70-29F1FC5D1A1B}.Debug|Any CPU.Build.0 = Debug|Any CPU
		{98056186-A317-4EFF-8A70-29F1FC5D1A1B}.Release|Any CPU.ActiveCfg = Release|Any CPU
		{98056186-A317-4EFF-8A70-29F1FC5D1A1B}.Release|Any CPU.Build.0 = Release|Any CPU
		{645AF817-6F6E-497D-88CC-7E69753458BF}.Debug|Any CPU.ActiveCfg = Debug|Any CPU
		{645AF817-6F6E-497D-88CC-7E69753458BF}.Debug|Any CPU.Build.0 = Debug|Any CPU
		{645AF817-6F6E-497D-88CC-7E69753458BF}.Release|Any CPU.ActiveCfg = Release|Any CPU
		{645AF817-6F6E-497D-88CC-7E69753458BF}.Release|Any CPU.Build.0 = Release|Any CPU
		{3A8685DC-035A-4FD1-8DE6-344CF5CD3B62}.Debug|Any CPU.ActiveCfg = Debug|Any CPU
		{3A8685DC-035A-4FD1-8DE6-344CF5CD3B62}.Debug|Any CPU.Build.0 = Debug|Any CPU
		{3A8685DC-035A-4FD1-8DE6-344CF5CD3B62}.Release|Any CPU.ActiveCfg = Release|Any CPU
		{3A8685DC-035A-4FD1-8DE6-344CF5CD3B62}.Release|Any CPU.Build.0 = Release|Any CPU
		{B1ED55E1-367C-4B56-836A-AB2D49380329}.Debug|Any CPU.ActiveCfg = Debug|Any CPU
		{B1ED55E1-367C-4B56-836A-AB2D49380329}.Debug|Any CPU.Build.0 = Debug|Any CPU
		{B1ED55E1-367C-4B56-836A-AB2D49380329}.Release|Any CPU.ActiveCfg = Release|Any CPU
		{B1ED55E1-367C-4B56-836A-AB2D49380329}.Release|Any CPU.Build.0 = Release|Any CPU
		{463AA9F0-A082-490A-85C2-4F55501A8877}.Debug|Any CPU.ActiveCfg = Debug|Any CPU
		{463AA9F0-A082-490A-85C2-4F55501A8877}.Debug|Any CPU.Build.0 = Debug|Any CPU
		{463AA9F0-A082-490A-85C2-4F55501A8877}.Release|Any CPU.ActiveCfg = Release|Any CPU
		{463AA9F0-A082-490A-85C2-4F55501A8877}.Release|Any CPU.Build.0 = Release|Any CPU
		{992193C9-F6E3-4A57-91F7-CD330D3F525E}.Debug|Any CPU.ActiveCfg = Debug|Any CPU
		{992193C9-F6E3-4A57-91F7-CD330D3F525E}.Debug|Any CPU.Build.0 = Debug|Any CPU
		{992193C9-F6E3-4A57-91F7-CD330D3F525E}.Release|Any CPU.ActiveCfg = Release|Any CPU
		{992193C9-F6E3-4A57-91F7-CD330D3F525E}.Release|Any CPU.Build.0 = Release|Any CPU
		{26C24BD2-07B1-46D0-933C-3796A77F9C2D}.Debug|Any CPU.ActiveCfg = Debug|Any CPU
		{26C24BD2-07B1-46D0-933C-3796A77F9C2D}.Debug|Any CPU.Build.0 = Debug|Any CPU
		{26C24BD2-07B1-46D0-933C-3796A77F9C2D}.Release|Any CPU.ActiveCfg = Release|Any CPU
		{26C24BD2-07B1-46D0-933C-3796A77F9C2D}.Release|Any CPU.Build.0 = Release|Any CPU
		{EF0F6472-157A-492F-9456-25B6DBCF420D}.Debug|Any CPU.ActiveCfg = Debug|Any CPU
		{EF0F6472-157A-492F-9456-25B6DBCF420D}.Debug|Any CPU.Build.0 = Debug|Any CPU
		{EF0F6472-157A-492F-9456-25B6DBCF420D}.Release|Any CPU.ActiveCfg = Release|Any CPU
		{EF0F6472-157A-492F-9456-25B6DBCF420D}.Release|Any CPU.Build.0 = Release|Any CPU
	EndGlobalSection
	GlobalSection(SolutionProperties) = preSolution
		HideSolutionNode = FALSE
	EndGlobalSection
	GlobalSection(NestedProjects) = preSolution
		{896DD55A-36D5-43A6-A56A-3A872C59DB46} = {EEA27D51-A7E6-48DF-B074-B01FFBA5D851}
		{3B3649B3-CC01-4B5F-8E37-B0F10F470C9D} = {647E9A03-E2E6-4D38-8AFC-39E4AF5B1E04}
		{6875981F-6853-4C8F-A2E4-BEF29663F275} = {647E9A03-E2E6-4D38-8AFC-39E4AF5B1E04}
		{98056186-A317-4EFF-8A70-29F1FC5D1A1B} = {647E9A03-E2E6-4D38-8AFC-39E4AF5B1E04}
		{645AF817-6F6E-497D-88CC-7E69753458BF} = {647E9A03-E2E6-4D38-8AFC-39E4AF5B1E04}
		{3A8685DC-035A-4FD1-8DE6-344CF5CD3B62} = {647E9A03-E2E6-4D38-8AFC-39E4AF5B1E04}
		{B1ED55E1-367C-4B56-836A-AB2D49380329} = {3401DB54-C28B-440D-86C0-43D0F287A863}
		{463AA9F0-A082-490A-85C2-4F55501A8877} = {9DC3B8D0-263D-4110-B80C-94FEFF60ABBD}
		{992193C9-F6E3-4A57-91F7-CD330D3F525E} = {647E9A03-E2E6-4D38-8AFC-39E4AF5B1E04}
		{26C24BD2-07B1-46D0-933C-3796A77F9C2D} = {647E9A03-E2E6-4D38-8AFC-39E4AF5B1E04}
		{EF0F6472-157A-492F-9456-25B6DBCF420D} = {34CE1592-33D0-423E-A6F4-E9A78FB4004A}
	EndGlobalSection
	GlobalSection(ExtensibilityGlobals) = postSolution
		SolutionGuid = {AFDEA0EE-29FD-4043-A97E-9ACC8C3E6DE9}
	EndGlobalSection
EndGlobal
